
Microsoft Visual Studio Solution File, Format Version 12.00
# Visual Studio Version 17
VisualStudioVersion = 17.8.34112.27
MinimumVisualStudioVersion = 10.0.40219.1
Project("{FAE04EC0-301F-11D3-BF4B-00C04F79EFBC}") = "My_CSharp2_bot", "My_CSharp2_bot\My_CSharp2_bot.csproj", "{C27332FA-4CDB-4494-83DD-7666BB92D694}"
EndProject
Global
	GlobalSection(SolutionConfigurationPlatforms) = preSolution
		Debug|Any CPU = Debug|Any CPU
		Release|Any CPU = Release|Any CPU
	EndGlobalSection
	GlobalSection(ProjectConfigurationPlatforms) = postSolution
		{C27332FA-4CDB-4494-83DD-7666BB92D694}.Debug|Any CPU.ActiveCfg = Debug|Any CPU
		{C27332FA-4CDB-4494-83DD-7666BB92D694}.Debug|Any CPU.Build.0 = Debug|Any CPU
		{C27332FA-4CDB-4494-83DD-7666BB92D694}.Release|Any CPU.ActiveCfg = Release|Any CPU
		{C27332FA-4CDB-4494-83DD-7666BB92D694}.Release|Any CPU.Build.0 = Release|Any CPU
	EndGlobalSection
	GlobalSection(SolutionProperties) = preSolution
		HideSolutionNode = FALSE
	EndGlobalSection
	GlobalSection(ExtensibilityGlobals) = postSolution
		SolutionGuid = {FFD495B9-2751-4E1E-BBF8-6781ED99D676}
	EndGlobalSection
EndGlobal
